
Microsoft Visual Studio Solution File, Format Version 12.00
# Visual Studio Version 17
VisualStudioVersion = 17.9.34723.18
MinimumVisualStudioVersion = 10.0.40219.1
Project("{8BC9CEB8-8B4A-11D0-8D11-00A0C91BC942}") = "Lecture06", "Lecture06.vcxproj", "{64DADF1D-EC12-4985-AC29-7E1C9CA847F5}"
EndProject
Global
	GlobalSection(SolutionConfigurationPlatforms) = preSolution
		Debug|x64 = Debug|x64
		Debug|x86 = Debug|x86
		Release|x64 = Release|x64
		Release|x86 = Release|x86
	EndGlobalSection
	GlobalSection(ProjectConfigurationPlatforms) = postSolution
		{64DADF1D-EC12-4985-AC29-7E1C9CA847F5}.Debug|x64.ActiveCfg = Debug|x64
		{64DADF1D-EC12-4985-AC29-7E1C9CA847F5}.Debug|x64.Build.0 = Debug|x64
		{64DADF1D-EC12-4985-AC29-7E1C9CA847F5}.Debug|x86.ActiveCfg = Debug|Win32
		{64DADF1D-EC12-4985-AC29-7E1C9CA847F5}.Debug|x86.Build.0 = Debug|Win32
		{64DADF1D-EC12-4985-AC29-7E1C9CA847F5}.Release|x64.ActiveCfg = Release|x64
		{64DADF1D-EC12-4985-AC29-7E1C9CA847F5}.Release|x64.Build.0 = Release|x64
		{64DADF1D-EC12-4985-AC29-7E1C9CA847F5}.Release|x86.ActiveCfg = Release|Win32
		{64DADF1D-EC12-4985-AC29-7E1C9CA847F5}.Release|x86.Build.0 = Release|Win32
	EndGlobalSection
	GlobalSection(SolutionProperties) = preSolution
		HideSolutionNode = FALSE
	EndGlobalSection
	GlobalSection(ExtensibilityGlobals) = postSolution
		SolutionGuid = {A03737E2-2819-4E71-B0C4-FD89292B8427}
	EndGlobalSection
EndGlobal
